{
  "originHash" : "b351e0c4ac50059d2aaca31e2f89ec27fdcb47833c4affb854715f4a3602315a",
  "pins" : [
    {
      "identity" : "nwwebsocket",
      "kind" : "remoteSourceControl",
      "location" : "https://github.com/pusher/NWWebSocket.git",
      "state" : {
        "revision" : "da32dcf230d9b627a9ef9d79b83605d12b3fbcbd",
        "version" : "0.5.7"
      }
    },
    {
      "identity" : "pusher-websocket-swift",
      "kind" : "remoteSourceControl",
      "location" : "https://github.com/pusher/pusher-websocket-swift",
      "state" : {
        "revision" : "d8d7a776fa92c733891790be6e8d3e3532e79c43",
        "version" : "10.1.6"
      }
    },
    {
      "identity" : "tweetnacl-swiftwrap",
      "kind" : "remoteSourceControl",
      "location" : "https://github.com/bitmark-inc/tweetnacl-swiftwrap",
      "state" : {
        "revision" : "f8fd111642bf2336b11ef9ea828510693106e954",
        "version" : "1.1.0"
      }
    }
  ],
  "version" : 3
}
